// !$*UTF8*$!
{
	archiveVersion = 1;
	classes = {
	};
	objectVersion = 55;
	objects = {

/* Begin PBXBuildFile section */
		F97CD0482865EA300062067F /* AppDelegate.swift in Sources */ = {isa = PBXBuildFile; fileRef = F97CD0472865EA300062067F /* AppDelegate.swift */; };
		F97CD04A2865EA300062067F /* SceneDelegate.swift in Sources */ = {isa = PBXBuildFile; fileRef = F97CD0492865EA300062067F /* SceneDelegate.swift */; };
		F97CD04C2865EA300062067F /* ViewController.swift in Sources */ = {isa = PBXBuildFile; fileRef = F97CD04B2865EA300062067F /* ViewController.swift */; };
		F97CD04F2865EA300062067F /* Main.storyboard in Resources */ = {isa = PBXBuildFile; fileRef = F97CD04D2865EA300062067F /* Main.storyboard */; };
		F97CD0512865EA320062067F /* Assets.xcassets in Resources */ = {isa = PBXBuildFile; fileRef = F97CD0502865EA320062067F /* Assets.xcassets */; };
		F97CD0542865EA320062067F /* LaunchScreen.storyboard in Resources */ = {isa = PBXBuildFile; fileRef = F97CD0522865EA320062067F /* LaunchScreen.storyboard */; };
		F97CD05F2865EA320062067F /* Netology_IB_InstrumentsTests.swift in Sources */ = {isa = PBXBuildFile; fileRef = F97CD05E2865EA320062067F /* Netology_IB_InstrumentsTests.swift */; };
		F97CD0692865EA320062067F /* Netology_IB_InstrumentsUITests.swift in Sources */ = {isa = PBXBuildFile; fileRef = F97CD0682865EA320062067F /* Netology_IB_InstrumentsUITests.swift */; };
		F97CD06B2865EA320062067F /* Netology_IB_InstrumentsUITestsLaunchTests.swift in Sources */ = {isa = PBXBuildFile; fileRef = F97CD06A2865EA320062067F /* Netology_IB_InstrumentsUITestsLaunchTests.swift */; };
/* End PBXBuildFile section */

/* Begin PBXContainerItemProxy section */
		F97CD05B2865EA320062067F /* PBXContainerItemProxy */ = {
			isa = PBXContainerItemProxy;
			containerPortal = F97CD03C2865EA300062067F /* Project object */;
			proxyType = 1;
			remoteGlobalIDString = F97CD0432865EA300062067F;
			remoteInfo = Netology_IB_Instruments;
		};
		F97CD0652865EA320062067F /* PBXContainerItemProxy */ = {
			isa = PBXContainerItemProxy;
			containerPortal = F97CD03C2865EA300062067F /* Project object */;
			proxyType = 1;
			remoteGlobalIDString = F97CD0432865EA300062067F;
			remoteInfo = Netology_IB_Instruments;
		};
/* End PBXContainerItemProxy section */

/* Begin PBXFileReference section */
		F97CD0442865EA300062067F /* Netology_IB_Instruments.app */ = {isa = PBXFileReference; explicitFileType = wrapper.application; includeInIndex = 0; path = Netology_IB_Instruments.app; sourceTree = BUILT_PRODUCTS_DIR; };
		F97CD0472865EA300062067F /* AppDelegate.swift */ = {isa = PBXFileReference; lastKnownFileType = sourcecode.swift; path = AppDelegate.swift; sourceTree = "<group>"; };
		F97CD0492865EA300062067F /* SceneDelegate.swift */ = {isa = PBXFileReference; lastKnownFileType = sourcecode.swift; path = SceneDelegate.swift; sourceTree = "<group>"; };
		F97CD04B2865EA300062067F /* ViewController.swift */ = {isa = PBXFileReference; lastKnownFileType = sourcecode.swift; path = ViewController.swift; sourceTree = "<group>"; };
		F97CD04E2865EA300062067F /* Base */ = {isa = PBXFileReference; lastKnownFileType = file.storyboard; name = Base; path = Base.lproj/Main.storyboard; sourceTree = "<group>"; };
		F97CD0502865EA320062067F /* Assets.xcassets */ = {isa = PBXFileReference; lastKnownFileType = folder.assetcatalog; path = Assets.xcassets; sourceTree = "<group>"; };
		F97CD0532865EA320062067F /* Base */ = {isa = PBXFileReference; lastKnownFileType = file.storyboard; name = Base; path = Base.lproj/LaunchScreen.storyboard; sourceTree = "<group>"; };
		F97CD0552865EA320062067F /* Info.plist */ = {isa = PBXFileReference; lastKnownFileType = text.plist.xml; path = Info.plist; sourceTree = "<group>"; };
		F97CD05A2865EA320062067F /* Netology_IB_InstrumentsTests.xctest */ = {isa = PBXFileReference; explicitFileType = wrapper.cfbundle; includeInIndex = 0; path = Netology_IB_InstrumentsTests.xctest; sourceTree = BUILT_PRODUCTS_DIR; };
		F97CD05E2865EA320062067F /* Netology_IB_InstrumentsTests.swift */ = {isa = PBXFileReference; lastKnownFileType = sourcecode.swift; path = Netology_IB_InstrumentsTests.swift; sourceTree = "<group>"; };
		F97CD0642865EA320062067F /* Netology_IB_InstrumentsUITests.xctest */ = {isa = PBXFileReference; explicitFileType = wrapper.cfbundle; includeInIndex = 0; path = Netology_IB_InstrumentsUITests.xctest; sourceTree = BUILT_PRODUCTS_DIR; };
		F97CD0682865EA320062067F /* Netology_IB_InstrumentsUITests.swift */ = {isa = PBXFileReference; lastKnownFileType = sourcecode.swift; path = Netology_IB_InstrumentsUITests.swift; sourceTree = "<group>"; };
		F97CD06A2865EA320062067F /* Netology_IB_InstrumentsUITestsLaunchTests.swift */ = {isa = PBXFileReference; lastKnownFileType = sourcecode.swift; path = Netology_IB_InstrumentsUITestsLaunchTests.swift; sourceTree = "<group>"; };
/* End PBXFileReference section */

/* Begin PBXFrameworksBuildPhase section */
		F97CD0412865EA300062067F /* Frameworks */ = {
			isa = PBXFrameworksBuildPhase;
			buildActionMask = 2147483647;
			files = (
			);
			runOnlyForDeploymentPostprocessing = 0;
		};
		F97CD0572865EA320062067F /* Frameworks */ = {
			isa = PBXFrameworksBuildPhase;
			buildActionMask = 2147483647;
			files = (
			);
			runOnlyForDeploymentPostprocessing = 0;
		};
		F97CD0612865EA320062067F /* Frameworks */ = {
			isa = PBXFrameworksBuildPhase;
			buildActionMask = 2147483647;
			files = (
			);
			runOnlyForDeploymentPostprocessing = 0;
		};
/* End PBXFrameworksBuildPhase section */

/* Begin PBXGroup section */
		F97CD03B2865EA300062067F = {
			isa = PBXGroup;
			children = (
				F97CD0462865EA300062067F /* Netology_IB_Instruments */,
				F97CD05D2865EA320062067F /* Netology_IB_InstrumentsTests */,
				F97CD0672865EA320062067F /* Netology_IB_InstrumentsUITests */,
				F97CD0452865EA300062067F /* Products */,
			);
			sourceTree = "<group>";
		};
		F97CD0452865EA300062067F /* Products */ = {
			isa = PBXGroup;
			children = (
				F97CD0442865EA300062067F /* Netology_IB_Instruments.app */,
				F97CD05A2865EA320062067F /* Netology_IB_InstrumentsTests.xctest */,
				F97CD0642865EA320062067F /* Netology_IB_InstrumentsUITests.xctest */,
			);
			name = Products;
			sourceTree = "<group>";
		};
		F97CD0462865EA300062067F /* Netology_IB_Instruments */ = {
			isa = PBXGroup;
			children = (
				F97CD0472865EA300062067F /* AppDelegate.swift */,
				F97CD0492865EA300062067F /* SceneDelegate.swift */,
				F97CD04B2865EA300062067F /* ViewController.swift */,
				F97CD04D2865EA300062067F /* Main.storyboard */,
				F97CD0502865EA320062067F /* Assets.xcassets */,
				F97CD0522865EA320062067F /* LaunchScreen.storyboard */,
				F97CD0552865EA320062067F /* Info.plist */,
			);
			path = Netology_IB_Instruments;
			sourceTree = "<group>";
		};
		F97CD05D2865EA320062067F /* Netology_IB_InstrumentsTests */ = {
			isa = PBXGroup;
			children = (
				F97CD05E2865EA320062067F /* Netology_IB_InstrumentsTests.swift */,
			);
			path = Netology_IB_InstrumentsTests;
			sourceTree = "<group>";
		};
		F97CD0672865EA320062067F /* Netology_IB_InstrumentsUITests */ = {
			isa = PBXGroup;
			children = (
				F97CD0682865EA320062067F /* Netology_IB_InstrumentsUITests.swift */,
				F97CD06A2865EA320062067F /* Netology_IB_InstrumentsUITestsLaunchTests.swift */,
			);
			path = Netology_IB_InstrumentsUITests;
			sourceTree = "<group>";
		};
/* End PBXGroup section */

/* Begin PBXNativeTarget section */
		F97CD0432865EA300062067F /* Netology_IB_Instruments */ = {
			isa = PBXNativeTarget;
			buildConfigurationList = F97CD06E2865EA320062067F /* Build configuration list for PBXNativeTarget "Netology_IB_Instruments" */;
			buildPhases = (
				F97CD0402865EA300062067F /* Sources */,
				F97CD0412865EA300062067F /* Frameworks */,
				F97CD0422865EA300062067F /* Resources */,
			);
			buildRules = (
			);
			dependencies = (
			);
			name = Netology_IB_Instruments;
			productName = Netology_IB_Instruments;
			productReference = F97CD0442865EA300062067F /* Netology_IB_Instruments.app */;
			productType = "com.apple.product-type.application";
		};
		F97CD0592865EA320062067F /* Netology_IB_InstrumentsTests */ = {
			isa = PBXNativeTarget;
			buildConfigurationList = F97CD0712865EA320062067F /* Build configuration list for PBXNativeTarget "Netology_IB_InstrumentsTests" */;
			buildPhases = (
				F97CD0562865EA320062067F /* Sources */,
				F97CD0572865EA320062067F /* Frameworks */,
				F97CD0582865EA320062067F /* Resources */,
			);
			buildRules = (
			);
			dependencies = (
				F97CD05C2865EA320062067F /* PBXTargetDependency */,
			);
			name = Netology_IB_InstrumentsTests;
			productName = Netology_IB_InstrumentsTests;
			productReference = F97CD05A2865EA320062067F /* Netology_IB_InstrumentsTests.xctest */;
			productType = "com.apple.product-type.bundle.unit-test";
		};
		F97CD0632865EA320062067F /* Netology_IB_InstrumentsUITests */ = {
			isa = PBXNativeTarget;
			buildConfigurationList = F97CD0742865EA320062067F /* Build configuration list for PBXNativeTarget "Netology_IB_InstrumentsUITests" */;
			buildPhases = (
				F97CD0602865EA320062067F /* Sources */,
				F97CD0612865EA320062067F /* Frameworks */,
				F97CD0622865EA320062067F /* Resources */,
			);
			buildRules = (
			);
			dependencies = (
				F97CD0662865EA320062067F /* PBXTargetDependency */,
			);
			name = Netology_IB_InstrumentsUITests;
			productName = Netology_IB_InstrumentsUITests;
			productReference = F97CD0642865EA320062067F /* Netology_IB_InstrumentsUITests.xctest */;
			productType = "com.apple.product-type.bundle.ui-testing";
		};
/* End PBXNativeTarget section */

/* Begin PBXProject section */
		F97CD03C2865EA300062067F /* Project object */ = {
			isa = PBXProject;
			attributes = {
				BuildIndependentTargetsInParallel = 1;
				LastSwiftUpdateCheck = 1300;
				LastUpgradeCheck = 1300;
				TargetAttributes = {
					F97CD0432865EA300062067F = {
						CreatedOnToolsVersion = 13.0;
					};
					F97CD0592865EA320062067F = {
						CreatedOnToolsVersion = 13.0;
						TestTargetID = F97CD0432865EA300062067F;
					};
					F97CD0632865EA320062067F = {
						CreatedOnToolsVersion = 13.0;
						TestTargetID = F97CD0432865EA300062067F;
					};
				};
			};
			buildConfigurationList = F97CD03F2865EA300062067F /* Build configuration list for PBXProject "Netology_IB_Instruments" */;
			compatibilityVersion = "Xcode 13.0";
			developmentRegion = en;
			hasScannedForEncodings = 0;
			knownRegions = (
				en,
				Base,
			);
			mainGroup = F97CD03B2865EA300062067F;
			productRefGroup = F97CD0452865EA300062067F /* Products */;
			projectDirPath = "";
			projectRoot = "";
			targets = (
				F97CD0432865EA300062067F /* Netology_IB_Instruments */,
				F97CD0592865EA320062067F /* Netology_IB_InstrumentsTests */,
				F97CD0632865EA320062067F /* Netology_IB_InstrumentsUITests */,
			);
		};
/* End PBXProject section */

/* Begin PBXResourcesBuildPhase section */
		F97CD0422865EA300062067F /* Resources */ = {
			isa = PBXResourcesBuildPhase;
			buildActionMask = 2147483647;
			files = (
				F97CD0542865EA320062067F /* LaunchScreen.storyboard in Resources */,
				F97CD0512865EA320062067F /* Assets.xcassets in Resources */,
				F97CD04F2865EA300062067F /* Main.storyboard in Resources */,
			);
			runOnlyForDeploymentPostprocessing = 0;
		};
		F97CD0582865EA320062067F /* Resources */ = {
			isa = PBXResourcesBuildPhase;
			buildActionMask = 2147483647;
			files = (
			);
			runOnlyForDeploymentPostprocessing = 0;
		};
		F97CD0622865EA320062067F /* Resources */ = {
			isa = PBXResourcesBuildPhase;
			buildActionMask = 2147483647;
			files = (
			);
			runOnlyForDeploymentPostprocessing = 0;
		};
/* End PBXResourcesBuildPhase section */

/* Begin PBXSourcesBuildPhase section */
		F97CD0402865EA300062067F /* Sources */ = {
			isa = PBXSourcesBuildPhase;
			buildActionMask = 2147483647;
			files = (
				F97CD04C2865EA300062067F /* ViewController.swift in Sources */,
				F97CD0482865EA300062067F /* AppDelegate.swift in Sources */,
				F97CD04A2865EA300062067F /* SceneDelegate.swift in Sources */,
			);
			runOnlyForDeploymentPostprocessing = 0;
		};
		F97CD0562865EA320062067F /* Sources */ = {
			isa = PBXSourcesBuildPhase;
			buildActionMask = 2147483647;
			files = (
				F97CD05F2865EA320062067F /* Netology_IB_InstrumentsTests.swift in Sources */,
			);
			runOnlyForDeploymentPostprocessing = 0;
		};
		F97CD0602865EA320062067F /* Sources */ = {
			isa = PBXSourcesBuildPhase;
			buildActionMask = 2147483647;
			files = (
				F97CD0692865EA320062067F /* Netology_IB_InstrumentsUITests.swift in Sources */,
				F97CD06B2865EA320062067F /* Netology_IB_InstrumentsUITestsLaunchTests.swift in Sources */,
			);
			runOnlyForDeploymentPostprocessing = 0;
		};
/* End PBXSourcesBuildPhase section */

/* Begin PBXTargetDependency section */
		F97CD05C2865EA320062067F /* PBXTargetDependency */ = {
			isa = PBXTargetDependency;
			target = F97CD0432865EA300062067F /* Netology_IB_Instruments */;
			targetProxy = F97CD05B2865EA320062067F /* PBXContainerItemProxy */;
		};
		F97CD0662865EA320062067F /* PBXTargetDependency */ = {
			isa = PBXTargetDependency;
			target = F97CD0432865EA300062067F /* Netology_IB_Instruments */;
			targetProxy = F97CD0652865EA320062067F /* PBXContainerItemProxy */;
		};
/* End PBXTargetDependency section */

/* Begin PBXVariantGroup section */
		F97CD04D2865EA300062067F /* Main.storyboard */ = {
			isa = PBXVariantGroup;
			children = (
				F97CD04E2865EA300062067F /* Base */,
			);
			name = Main.storyboard;
			sourceTree = "<group>";
		};
		F97CD0522865EA320062067F /* LaunchScreen.storyboard */ = {
			isa = PBXVariantGroup;
			children = (
				F97CD0532865EA320062067F /* Base */,
			);
			name = LaunchScreen.storyboard;
			sourceTree = "<group>";
		};
/* End PBXVariantGroup section */

/* Begin XCBuildConfiguration section */
		F97CD06C2865EA320062067F /* Debug */ = {
			isa = XCBuildConfiguration;
			buildSettings = {
				ALWAYS_SEARCH_USER_PATHS = NO;
				CLANG_ANALYZER_NONNULL = YES;
				CLANG_ANALYZER_NUMBER_OBJECT_CONVERSION = YES_AGGRESSIVE;
				CLANG_CXX_LANGUAGE_STANDARD = "gnu++17";
				CLANG_CXX_LIBRARY = "libc++";
				CLANG_ENABLE_MODULES = YES;
				CLANG_ENABLE_OBJC_ARC = YES;
				CLANG_ENABLE_OBJC_WEAK = YES;
				CLANG_WARN_BLOCK_CAPTURE_AUTORELEASING = YES;
				CLANG_WARN_BOOL_CONVERSION = YES;
				CLANG_WARN_COMMA = YES;
				CLANG_WARN_CONSTANT_CONVERSION = YES;
				CLANG_WARN_DEPRECATED_OBJC_IMPLEMENTATIONS = YES;
				CLANG_WARN_DIRECT_OBJC_ISA_USAGE = YES_ERROR;
				CLANG_WARN_DOCUMENTATION_COMMENTS = YES;
				CLANG_WARN_EMPTY_BODY = YES;
				CLANG_WARN_ENUM_CONVERSION = YES;
				CLANG_WARN_INFINITE_RECURSION = YES;
				CLANG_WARN_INT_CONVERSION = YES;
				CLANG_WARN_NON_LITERAL_NULL_CONVERSION = YES;
				CLANG_WARN_OBJC_IMPLICIT_RETAIN_SELF = YES;
				CLANG_WARN_OBJC_LITERAL_CONVERSION = YES;
				CLANG_WARN_OBJC_ROOT_CLASS = YES_ERROR;
				CLANG_WARN_QUOTED_INCLUDE_IN_FRAMEWORK_HEADER = YES;
				CLANG_WARN_RANGE_LOOP_ANALYSIS = YES;
				CLANG_WARN_STRICT_PROTOTYPES = YES;
				CLANG_WARN_SUSPICIOUS_MOVE = YES;
				CLANG_WARN_UNGUARDED_AVAILABILITY = YES_AGGRESSIVE;
				CLANG_WARN_UNREACHABLE_CODE = YES;
				CLANG_WARN__DUPLICATE_METHOD_MATCH = YES;
				COPY_PHASE_STRIP = NO;
				DEBUG_INFORMATION_FORMAT = dwarf;
				ENABLE_STRICT_OBJC_MSGSEND = YES;
				ENABLE_TESTABILITY = YES;
				GCC_C_LANGUAGE_STANDARD = gnu11;
				GCC_DYNAMIC_NO_PIC = NO;
				GCC_NO_COMMON_BLOCKS = YES;
				GCC_OPTIMIZATION_LEVEL = 0;
				GCC_PREPROCESSOR_DEFINITIONS = (
					"DEBUG=1",
					"$(inherited)",
				);
				GCC_WARN_64_TO_32_BIT_CONVERSION = YES;
				GCC_WARN_ABOUT_RETURN_TYPE = YES_ERROR;
				GCC_WARN_UNDECLARED_SELECTOR = YES;
				GCC_WARN_UNINITIALIZED_AUTOS = YES_AGGRESSIVE;
				GCC_WARN_UNUSED_FUNCTION = YES;
				GCC_WARN_UNUSED_VARIABLE = YES;
				IPHONEOS_DEPLOYMENT_TARGET = 15.0;
				MTL_ENABLE_DEBUG_INFO = INCLUDE_SOURCE;
				MTL_FAST_MATH = YES;
				ONLY_ACTIVE_ARCH = YES;
				SDKROOT = iphoneos;
				SWIFT_ACTIVE_COMPILATION_CONDITIONS = DEBUG;
				SWIFT_OPTIMIZATION_LEVEL = "-Onone";
			};
			name = Debug;
		};
		F97CD06D2865EA320062067F /* Release */ = {
			isa = XCBuildConfiguration;
			buildSettings = {
				ALWAYS_SEARCH_USER_PATHS = NO;
				CLANG_ANALYZER_NONNULL = YES;
				CLANG_ANALYZER_NUMBER_OBJECT_CONVERSION = YES_AGGRESSIVE;
				CLANG_CXX_LANGUAGE_STANDARD = "gnu++17";
				CLANG_CXX_LIBRARY = "libc++";
				CLANG_ENABLE_MODULES = YES;
				CLANG_ENABLE_OBJC_ARC = YES;
				CLANG_ENABLE_OBJC_WEAK = YES;
				CLANG_WARN_BLOCK_CAPTURE_AUTORELEASING = YES;
				CLANG_WARN_BOOL_CONVERSION = YES;
				CLANG_WARN_COMMA = YES;
				CLANG_WARN_CONSTANT_CONVERSION = YES;
				CLANG_WARN_DEPRECATED_OBJC_IMPLEMENTATIONS = YES;
				CLANG_WARN_DIRECT_OBJC_ISA_USAGE = YES_ERROR;
				CLANG_WARN_DOCUMENTATION_COMMENTS = YES;
				CLANG_WARN_EMPTY_BODY = YES;
				CLANG_WARN_ENUM_CONVERSION = YES;
				CLANG_WARN_INFINITE_RECURSION = YES;
				CLANG_WARN_INT_CONVERSION = YES;
				CLANG_WARN_NON_LITERAL_NULL_CONVERSION = YES;
				CLANG_WARN_OBJC_IMPLICIT_RETAIN_SELF = YES;
				CLANG_WARN_OBJC_LITERAL_CONVERSION = YES;
				CLANG_WARN_OBJC_ROOT_CLASS = YES_ERROR;
				CLANG_WARN_QUOTED_INCLUDE_IN_FRAMEWORK_HEADER = YES;
				CLANG_WARN_RANGE_LOOP_ANALYSIS = YES;
				CLANG_WARN_STRICT_PROTOTYPES = YES;
				CLANG_WARN_SUSPICIOUS_MOVE = YES;
				CLANG_WARN_UNGUARDED_AVAILABILITY = YES_AGGRESSIVE;
				CLANG_WARN_UNREACHABLE_CODE = YES;
				CLANG_WARN__DUPLICATE_METHOD_MATCH = YES;
				COPY_PHASE_STRIP = NO;
				DEBUG_INFORMATION_FORMAT = "dwarf-with-dsym";
				ENABLE_NS_ASSERTIONS = NO;
				ENABLE_STRICT_OBJC_MSGSEND = YES;
				GCC_C_LANGUAGE_STANDARD = gnu11;
				GCC_NO_COMMON_BLOCKS = YES;
				GCC_WARN_64_TO_32_BIT_CONVERSION = YES;
				GCC_WARN_ABOUT_RETURN_TYPE = YES_ERROR;
				GCC_WARN_UNDECLARED_SELECTOR = YES;
				GCC_WARN_UNINITIALIZED_AUTOS = YES_AGGRESSIVE;
				GCC_WARN_UNUSED_FUNCTION = YES;
				GCC_WARN_UNUSED_VARIABLE = YES;
				IPHONEOS_DEPLOYMENT_TARGET = 15.0;
				MTL_ENABLE_DEBUG_INFO = NO;
				MTL_FAST_MATH = YES;
				SDKROOT = iphoneos;
				SWIFT_COMPILATION_MODE = wholemodule;
				SWIFT_OPTIMIZATION_LEVEL = "-O";
				VALIDATE_PRODUCT = YES;
			};
			name = Release;
		};
		F97CD06F2865EA320062067F /* Debug */ = {
			isa = XCBuildConfiguration;
			buildSettings = {
				ASSETCATALOG_COMPILER_APPICON_NAME = AppIcon;
				ASSETCATALOG_COMPILER_GLOBAL_ACCENT_COLOR_NAME = AccentColor;
				CODE_SIGN_STYLE = Automatic;
				CURRENT_PROJECT_VERSION = 1;
				DEVELOPMENT_TEAM = ZYCY24J2LU;
				GENERATE_INFOPLIST_FILE = YES;
				INFOPLIST_FILE = Netology_IB_Instruments/Info.plist;
				INFOPLIST_KEY_UIApplicationSupportsIndirectInputEvents = YES;
				INFOPLIST_KEY_UILaunchStoryboardName = LaunchScreen;
				INFOPLIST_KEY_UIMainStoryboardFile = Main;
				INFOPLIST_KEY_UISupportedInterfaceOrientations_iPad = "UIInterfaceOrientationPortrait UIInterfaceOrientationPortraitUpsideDown UIInterfaceOrientationLandscapeLeft UIInterfaceOrientationLandscapeRight";
				INFOPLIST_KEY_UISupportedInterfaceOrientations_iPhone = "UIInterfaceOrientationPortrait UIInterfaceOrientationLandscapeLeft UIInterfaceOrientationLandscapeRight";
				LD_RUNPATH_SEARCH_PATHS = (
					"$(inherited)",
					"@executable_path/Frameworks",
				);
				MARKETING_VERSION = 1.0;
				PRODUCT_BUNDLE_IDENTIFIER = "Yoji-team.Netology-IB-Instruments";
				PRODUCT_NAME = "$(TARGET_NAME)";
				SWIFT_EMIT_LOC_STRINGS = YES;
				SWIFT_VERSION = 5.0;
				TARGETED_DEVICE_FAMILY = "1,2";
			};
			name = Debug;
		};
		F97CD0702865EA320062067F /* Release */ = {
			isa = XCBuildConfiguration;
			buildSettings = {
				ASSETCATALOG_COMPILER_APPICON_NAME = AppIcon;
				ASSETCATALOG_COMPILER_GLOBAL_ACCENT_COLOR_NAME = AccentColor;
				CODE_SIGN_STYLE = Automatic;
				CURRENT_PROJECT_VERSION = 1;
				DEVELOPMENT_TEAM = ZYCY24J2LU;
				GENERATE_INFOPLIST_FILE = YES;
				INFOPLIST_FILE = Netology_IB_Instruments/Info.plist;
				INFOPLIST_KEY_UIApplicationSupportsIndirectInputEvents = YES;
				INFOPLIST_KEY_UILaunchStoryboardName = LaunchScreen;
				INFOPLIST_KEY_UIMainStoryboardFile = Main;
				INFOPLIST_KEY_UISupportedInterfaceOrientations_iPad = "UIInterfaceOrientationPortrait UIInterfaceOrientationPortraitUpsideDown UIInterfaceOrientationLandscapeLeft UIInterfaceOrientationLandscapeRight";
				INFOPLIST_KEY_UISupportedInterfaceOrientations_iPhone = "UIInterfaceOrientationPortrait UIInterfaceOrientationLandscapeLeft UIInterfaceOrientationLandscapeRight";
				LD_RUNPATH_SEARCH_PATHS = (
					"$(inherited)",
					"@executable_path/Frameworks",
				);
				MARKETING_VERSION = 1.0;
				PRODUCT_BUNDLE_IDENTIFIER = "Yoji-team.Netology-IB-Instruments";
				PRODUCT_NAME = "$(TARGET_NAME)";
				SWIFT_EMIT_LOC_STRINGS = YES;
				SWIFT_VERSION = 5.0;
				TARGETED_DEVICE_FAMILY = "1,2";
			};
			name = Release;
		};
		F97CD0722865EA320062067F /* Debug */ = {
			isa = XCBuildConfiguration;
			buildSettings = {
				ALWAYS_EMBED_SWIFT_STANDARD_LIBRARIES = YES;
				BUNDLE_LOADER = "$(TEST_HOST)";
				CODE_SIGN_STYLE = Automatic;
				CURRENT_PROJECT_VERSION = 1;
				DEVELOPMENT_TEAM = ZYCY24J2LU;
				GENERATE_INFOPLIST_FILE = YES;
				IPHONEOS_DEPLOYMENT_TARGET = 15.0;
				LD_RUNPATH_SEARCH_PATHS = (
					"$(inherited)",
					"@executable_path/Frameworks",
					"@loader_path/Frameworks",
				);
				MARKETING_VERSION = 1.0;
				PRODUCT_BUNDLE_IDENTIFIER = "Yoji-team.Netology-IB-InstrumentsTests";
				PRODUCT_NAME = "$(TARGET_NAME)";
				SWIFT_EMIT_LOC_STRINGS = NO;
				SWIFT_VERSION = 5.0;
				TARGETED_DEVICE_FAMILY = "1,2";
				TEST_HOST = "$(BUILT_PRODUCTS_DIR)/Netology_IB_Instruments.app/Netology_IB_Instruments";
			};
			name = Debug;
		};
		F97CD0732865EA320062067F /* Release */ = {
			isa = XCBuildConfiguration;
			buildSettings = {
				ALWAYS_EMBED_SWIFT_STANDARD_LIBRARIES = YES;
				BUNDLE_LOADER = "$(TEST_HOST)";
				CODE_SIGN_STYLE = Automatic;
				CURRENT_PROJECT_VERSION = 1;
				DEVELOPMENT_TEAM = ZYCY24J2LU;
				GENERATE_INFOPLIST_FILE = YES;
				IPHONEOS_DEPLOYMENT_TARGET = 15.0;
				LD_RUNPATH_SEARCH_PATHS = (
					"$(inherited)",
					"@executable_path/Frameworks",
					"@loader_path/Frameworks",
				);
				MARKETING_VERSION = 1.0;
				PRODUCT_BUNDLE_IDENTIFIER = "Yoji-team.Netology-IB-InstrumentsTests";
				PRODUCT_NAME = "$(TARGET_NAME)";
				SWIFT_EMIT_LOC_STRINGS = NO;
				SWIFT_VERSION = 5.0;
				TARGETED_DEVICE_FAMILY = "1,2";
				TEST_HOST = "$(BUILT_PRODUCTS_DIR)/Netology_IB_Instruments.app/Netology_IB_Instruments";
			};
			name = Release;
		};
		F97CD0752865EA320062067F /* Debug */ = {
			isa = XCBuildConfiguration;
			buildSettings = {
				ALWAYS_EMBED_SWIFT_STANDARD_LIBRARIES = YES;
				CODE_SIGN_STYLE = Automatic;
				CURRENT_PROJECT_VERSION = 1;
				DEVELOPMENT_TEAM = ZYCY24J2LU;
				GENERATE_INFOPLIST_FILE = YES;
				LD_RUNPATH_SEARCH_PATHS = (
					"$(inherited)",
					"@executable_path/Frameworks",
					"@loader_path/Frameworks",
				);
				MARKETING_VERSION = 1.0;
				PRODUCT_BUNDLE_IDENTIFIER = "Yoji-team.Netology-IB-InstrumentsUITests";
				PRODUCT_NAME = "$(TARGET_NAME)";
				SWIFT_EMIT_LOC_STRINGS = NO;
				SWIFT_VERSION = 5.0;
				TARGETED_DEVICE_FAMILY = "1,2";
				TEST_TARGET_NAME = Netology_IB_Instruments;
			};
			name = Debug;
		};
		F97CD0762865EA320062067F /* Release */ = {
			isa = XCBuildConfiguration;
			buildSettings = {
				ALWAYS_EMBED_SWIFT_STANDARD_LIBRARIES = YES;
				CODE_SIGN_STYLE = Automatic;
				CURRENT_PROJECT_VERSION = 1;
				DEVELOPMENT_TEAM = ZYCY24J2LU;
				GENERATE_INFOPLIST_FILE = YES;
				LD_RUNPATH_SEARCH_PATHS = (
					"$(inherited)",
					"@executable_path/Frameworks",
					"@loader_path/Frameworks",
				);
				MARKETING_VERSION = 1.0;
				PRODUCT_BUNDLE_IDENTIFIER = "Yoji-team.Netology-IB-InstrumentsUITests";
				PRODUCT_NAME = "$(TARGET_NAME)";
				SWIFT_EMIT_LOC_STRINGS = NO;
				SWIFT_VERSION = 5.0;
				TARGETED_DEVICE_FAMILY = "1,2";
				TEST_TARGET_NAME = Netology_IB_Instruments;
			};
			name = Release;
		};
/* End XCBuildConfiguration section */

/* Begin XCConfigurationList section */
		F97CD03F2865EA300062067F /* Build configuration list for PBXProject "Netology_IB_Instruments" */ = {
			isa = XCConfigurationList;
			buildConfigurations = (
				F97CD06C2865EA320062067F /* Debug */,
				F97CD06D2865EA320062067F /* Release */,
			);
			defaultConfigurationIsVisible = 0;
			defaultConfigurationName = Release;
		};
		F97CD06E2865EA320062067F /* Build configuration list for PBXNativeTarget "Netology_IB_Instruments" */ = {
			isa = XCConfigurationList;
			buildConfigurations = (
				F97CD06F2865EA320062067F /* Debug */,
				F97CD0702865EA320062067F /* Release */,
			);
			defaultConfigurationIsVisible = 0;
			defaultConfigurationName = Release;
		};
		F97CD0712865EA320062067F /* Build configuration list for PBXNativeTarget "Netology_IB_InstrumentsTests" */ = {
			isa = XCConfigurationList;
			buildConfigurations = (
				F97CD0722865EA320062067F /* Debug */,
				F97CD0732865EA320062067F /* Release */,
			);
			defaultConfigurationIsVisible = 0;
			defaultConfigurationName = Release;
		};
		F97CD0742865EA320062067F /* Build configuration list for PBXNativeTarget "Netology_IB_InstrumentsUITests" */ = {
			isa = XCConfigurationList;
			buildConfigurations = (
				F97CD0752865EA320062067F /* Debug */,
				F97CD0762865EA320062067F /* Release */,
			);
			defaultConfigurationIsVisible = 0;
			defaultConfigurationName = Release;
		};
/* End XCConfigurationList section */
	};
	rootObject = F97CD03C2865EA300062067F /* Project object */;
}
